
Microsoft Visual Studio Solution File, Format Version 12.00
# Visual Studio Version 16
VisualStudioVersion = 16.0.31410.357
MinimumVisualStudioVersion = 10.0.40219.1
Project("{FAE04EC0-301F-11D3-BF4B-00C04F79EFBC}") = "PracticaXML", "PracticaXML\PracticaXML.csproj", "{8CF73571-AF20-415F-ACA0-B70F5F59E9A4}"
EndProject
Global
	GlobalSection(SolutionConfigurationPlatforms) = preSolution
		Debug|Any CPU = Debug|Any CPU
		Release|Any CPU = Release|Any CPU
	EndGlobalSection
	GlobalSection(ProjectConfigurationPlatforms) = postSolution
		{8CF73571-AF20-415F-ACA0-B70F5F59E9A4}.Debug|Any CPU.ActiveCfg = Debug|Any CPU
		{8CF73571-AF20-415F-ACA0-B70F5F59E9A4}.Debug|Any CPU.Build.0 = Debug|Any CPU
		{8CF73571-AF20-415F-ACA0-B70F5F59E9A4}.Release|Any CPU.ActiveCfg = Release|Any CPU
		{8CF73571-AF20-415F-ACA0-B70F5F59E9A4}.Release|Any CPU.Build.0 = Release|Any CPU
	EndGlobalSection
	GlobalSection(SolutionProperties) = preSolution
		HideSolutionNode = FALSE
	EndGlobalSection
	GlobalSection(ExtensibilityGlobals) = postSolution
		SolutionGuid = {86C91FA1-E2AF-41F9-91A9-E69955DB1990}
	EndGlobalSection
EndGlobal
